
Microsoft Visual Studio Solution File, Format Version 12.00
# Visual Studio Version 17
VisualStudioVersion = 17.5.33530.505
MinimumVisualStudioVersion = 10.0.40219.1
Project("{FAE04EC0-301F-11D3-BF4B-00C04F79EFBC}") = "Jenkins", "Jenkins\Jenkins.csproj", "{65E68EC2-3916-4EBE-A099-77C05C4D390F}"
EndProject
Global
	GlobalSection(SolutionConfigurationPlatforms) = preSolution
		Debug|Any CPU = Debug|Any CPU
		Release|Any CPU = Release|Any CPU
	EndGlobalSection
	GlobalSection(ProjectConfigurationPlatforms) = postSolution
		{65E68EC2-3916-4EBE-A099-77C05C4D390F}.Debug|Any CPU.ActiveCfg = Debug|Any CPU
		{65E68EC2-3916-4EBE-A099-77C05C4D390F}.Debug|Any CPU.Build.0 = Debug|Any CPU
		{65E68EC2-3916-4EBE-A099-77C05C4D390F}.Release|Any CPU.ActiveCfg = Release|Any CPU
		{65E68EC2-3916-4EBE-A099-77C05C4D390F}.Release|Any CPU.Build.0 = Release|Any CPU
	EndGlobalSection
	GlobalSection(SolutionProperties) = preSolution
		HideSolutionNode = FALSE
	EndGlobalSection
	GlobalSection(ExtensibilityGlobals) = postSolution
		SolutionGuid = {40C748B9-0638-4E8B-B635-27CE2A6C07AA}
	EndGlobalSection
EndGlobal
